{
  "name": "wx-search",
  "lockfileVersion": 2,
  "requires": true,
  "packages": {
    "": {
      "dependencies": {
        "@best-components/miniprogram-skeleton": "^2.0.3",
        "weui-miniprogram": "^1.0.8",
        "wxml-to-canvas": "^1.1.1"
      }
    },
    "node_modules/@best-components/miniprogram-skeleton": {
      "version": "2.0.3",
      "resolved": "https://registry.nlark.com/@best-components/miniprogram-skeleton/download/@best-components/miniprogram-skeleton-2.0.3.tgz",
      "integrity": "sha1-OggTkOm+ev11jpPXRNEw8toMXt4="
    },
    "node_modules/eventemitter3": {
      "version": "4.0.7",
      "resolved": "https://registry.npm.taobao.org/eventemitter3/download/eventemitter3-4.0.7.tgz?cache=0&sync_timestamp=1598517819668&other_urls=https%3A%2F%2Fregistry.npm.taobao.org%2Feventemitter3%2Fdownload%2Feventemitter3-4.0.7.tgz",
      "integrity": "sha1-Lem2j2Uo1WRO9cWVJqG0oHMGFp8="
    },
    "node_modules/weui-miniprogram": {
      "version": "1.0.8",
      "resolved": "https://registry.npm.taobao.org/weui-miniprogram/download/weui-miniprogram-1.0.8.tgz",
      "integrity": "sha1-55F8R6XX6VGzBpTZOdCi5eAFsnQ="
    },
    "node_modules/widget-ui": {
      "version": "1.0.2",
      "resolved": "https://registry.npm.taobao.org/widget-ui/download/widget-ui-1.0.2.tgz",
      "integrity": "sha1-1lpWC5Fzn70Op8L18tKP5MATJHA=",
      "dependencies": {
        "eventemitter3": "^4.0.0"
      }
    },
    "node_modules/wxml-to-canvas": {
      "version": "1.1.1",
      "resolved": "https://registry.npm.taobao.org/wxml-to-canvas/download/wxml-to-canvas-1.1.1.tgz",
      "integrity": "sha1-ZHcUc/seJRva2U+Mb/p91kKQ58o=",
      "dependencies": {
        "widget-ui": "^1.0.2"
      }
    }
  },
  "dependencies": {
    "@best-components/miniprogram-skeleton": {
      "version": "2.0.3",
      "resolved": "https://registry.nlark.com/@best-components/miniprogram-skeleton/download/@best-components/miniprogram-skeleton-2.0.3.tgz",
      "integrity": "sha1-OggTkOm+ev11jpPXRNEw8toMXt4="
    },
    "eventemitter3": {
      "version": "4.0.7",
      "resolved": "https://registry.npm.taobao.org/eventemitter3/download/eventemitter3-4.0.7.tgz?cache=0&sync_timestamp=1598517819668&other_urls=https%3A%2F%2Fregistry.npm.taobao.org%2Feventemitter3%2Fdownload%2Feventemitter3-4.0.7.tgz",
      "integrity": "sha1-Lem2j2Uo1WRO9cWVJqG0oHMGFp8="
    },
    "weui-miniprogram": {
      "version": "1.0.8",
      "resolved": "https://registry.npm.taobao.org/weui-miniprogram/download/weui-miniprogram-1.0.8.tgz",
      "integrity": "sha1-55F8R6XX6VGzBpTZOdCi5eAFsnQ="
    },
    "widget-ui": {
      "version": "1.0.2",
      "resolved": "https://registry.npm.taobao.org/widget-ui/download/widget-ui-1.0.2.tgz",
      "integrity": "sha1-1lpWC5Fzn70Op8L18tKP5MATJHA=",
      "requires": {
        "eventemitter3": "^4.0.0"
      }
    },
    "wxml-to-canvas": {
      "version": "1.1.1",
      "resolved": "https://registry.npm.taobao.org/wxml-to-canvas/download/wxml-to-canvas-1.1.1.tgz",
      "integrity": "sha1-ZHcUc/seJRva2U+Mb/p91kKQ58o=",
      "requires": {
        "widget-ui": "^1.0.2"
      }
    }
  }
}
